
Microsoft Visual Studio Solution File, Format Version 12.00
# Visual Studio Version 17
VisualStudioVersion = 17.7.34221.43
MinimumVisualStudioVersion = 10.0.40219.1
Project("{9A19103F-16F7-4668-BE54-9A1E7A4F7556}") = "DealProject", "DealProject\DealProject\DealProject.csproj", "{7A2E43CE-7AE6-4342-975F-72A8EB0D7BA4}"
EndProject
Project("{9A19103F-16F7-4668-BE54-9A1E7A4F7556}") = "DealProject.Tests", "DealProject\DealProject.Tests\DealProject.Tests.csproj", "{640208FD-AEBD-45CC-B5E1-E0B276084020}"
EndProject
Project("{9A19103F-16F7-4668-BE54-9A1E7A4F7556}") = "AuthService", "AuthService\AuthService\AuthService.csproj", "{C47BF6A0-D65A-4FCA-9CD7-3F998C20BA00}"
EndProject
Project("{E53339B2-1760-4266-BCC7-CA923CBCF16C}") = "docker-compose", "docker-compose.dcproj", "{7FA97094-C2CA-4B0A-9D84-7292148EA737}"
EndProject
Project("{9A19103F-16F7-4668-BE54-9A1E7A4F7556}") = "AuthService.Infrastructure", "AuthService\AuthService.Infrastructure\AuthService.Infrastructure.csproj", "{89822146-649B-418B-B092-4F7DFF77BA57}"
EndProject
Project("{9A19103F-16F7-4668-BE54-9A1E7A4F7556}") = "AuthService.Domain", "AuthService\AuthService.Domain\AuthService.Domain.csproj", "{9DF2E944-164E-47DE-A5FE-6314443286EA}"
EndProject
Project("{9A19103F-16F7-4668-BE54-9A1E7A4F7556}") = "DealProject.Domain", "DealProject\DealProject.Domain\DealProject.Domain.csproj", "{E232B65F-9E72-4E75-847D-93E83EBBC100}"
EndProject
Project("{9A19103F-16F7-4668-BE54-9A1E7A4F7556}") = "DealProject.Infrastructure", "DealProject\DealProject.Infrastructure\DealProject.Infrastructure.csproj", "{86CD2C04-5154-4E52-9E56-08FECE5B0328}"
EndProject
Project("{2150E333-8FDC-42A3-9474-1A3956D46DE8}") = "AuthServiceFolder", "AuthServiceFolder", "{45963E66-FCCF-40B1-86A2-0EFE115B68BA}"
EndProject
Project("{2150E333-8FDC-42A3-9474-1A3956D46DE8}") = "DealProjectFolder", "DealProjectFolder", "{6E20A666-DE04-4419-8170-13B79092F1AF}"
EndProject
Project("{9A19103F-16F7-4668-BE54-9A1E7A4F7556}") = "AuthService.Tests", "AuthService\AuthService.Tests\AuthService.Tests.csproj", "{C08C9E39-2A34-413D-9C04-4D3857D13725}"
EndProject
Project("{9A19103F-16F7-4668-BE54-9A1E7A4F7556}") = "AuthService.Application", "AuthService\AuthService.Application\AuthService.Application.csproj", "{6B1EC5A0-CBB8-49EA-B120-9CB101256CA5}"
EndProject
Project("{2150E333-8FDC-42A3-9474-1A3956D46DE8}") = "SharedFolder", "SharedFolder", "{B4F979F5-F7BA-4B83-AEBA-417A8DFC1C17}"
EndProject
Project("{9A19103F-16F7-4668-BE54-9A1E7A4F7556}") = "Shared.Repositories", "Shared\Shared.Repositories\Shared.Repositories.csproj", "{5D7FE6CB-BEBB-4CE5-88D5-61CA458C7C22}"
EndProject
Project("{9A19103F-16F7-4668-BE54-9A1E7A4F7556}") = "DealProject.Application", "DealProject\DealProject.Application\DealProject.Application.csproj", "{8C69F74D-DC8B-4604-9FDA-DDC9C3FDF84A}"
EndProject
Project("{FAE04EC0-301F-11D3-BF4B-00C04F79EFBC}") = "Shared.Attributes", "Shared\Shared.Attributes\Shared.Attributes.csproj", "{ADE4B0BB-9F16-4790-8818-39587C83E201}"
EndProject
Global
	GlobalSection(SolutionConfigurationPlatforms) = preSolution
		Debug|Any CPU = Debug|Any CPU
		Release|Any CPU = Release|Any CPU
	EndGlobalSection
	GlobalSection(ProjectConfigurationPlatforms) = postSolution
		{7A2E43CE-7AE6-4342-975F-72A8EB0D7BA4}.Debug|Any CPU.ActiveCfg = Debug|Any CPU
		{7A2E43CE-7AE6-4342-975F-72A8EB0D7BA4}.Debug|Any CPU.Build.0 = Debug|Any CPU
		{7A2E43CE-7AE6-4342-975F-72A8EB0D7BA4}.Release|Any CPU.ActiveCfg = Release|Any CPU
		{7A2E43CE-7AE6-4342-975F-72A8EB0D7BA4}.Release|Any CPU.Build.0 = Release|Any CPU
		{640208FD-AEBD-45CC-B5E1-E0B276084020}.Debug|Any CPU.ActiveCfg = Debug|Any CPU
		{640208FD-AEBD-45CC-B5E1-E0B276084020}.Debug|Any CPU.Build.0 = Debug|Any CPU
		{640208FD-AEBD-45CC-B5E1-E0B276084020}.Release|Any CPU.ActiveCfg = Release|Any CPU
		{640208FD-AEBD-45CC-B5E1-E0B276084020}.Release|Any CPU.Build.0 = Release|Any CPU
		{C47BF6A0-D65A-4FCA-9CD7-3F998C20BA00}.Debug|Any CPU.ActiveCfg = Debug|Any CPU
		{C47BF6A0-D65A-4FCA-9CD7-3F998C20BA00}.Debug|Any CPU.Build.0 = Debug|Any CPU
		{C47BF6A0-D65A-4FCA-9CD7-3F998C20BA00}.Release|Any CPU.ActiveCfg = Release|Any CPU
		{C47BF6A0-D65A-4FCA-9CD7-3F998C20BA00}.Release|Any CPU.Build.0 = Release|Any CPU
		{7FA97094-C2CA-4B0A-9D84-7292148EA737}.Debug|Any CPU.ActiveCfg = Debug|Any CPU
		{7FA97094-C2CA-4B0A-9D84-7292148EA737}.Debug|Any CPU.Build.0 = Debug|Any CPU
		{7FA97094-C2CA-4B0A-9D84-7292148EA737}.Release|Any CPU.ActiveCfg = Release|Any CPU
		{7FA97094-C2CA-4B0A-9D84-7292148EA737}.Release|Any CPU.Build.0 = Release|Any CPU
		{89822146-649B-418B-B092-4F7DFF77BA57}.Debug|Any CPU.ActiveCfg = Debug|Any CPU
		{89822146-649B-418B-B092-4F7DFF77BA57}.Debug|Any CPU.Build.0 = Debug|Any CPU
		{89822146-649B-418B-B092-4F7DFF77BA57}.Release|Any CPU.ActiveCfg = Release|Any CPU
		{89822146-649B-418B-B092-4F7DFF77BA57}.Release|Any CPU.Build.0 = Release|Any CPU
		{9DF2E944-164E-47DE-A5FE-6314443286EA}.Debug|Any CPU.ActiveCfg = Debug|Any CPU
		{9DF2E944-164E-47DE-A5FE-6314443286EA}.Debug|Any CPU.Build.0 = Debug|Any CPU
		{9DF2E944-164E-47DE-A5FE-6314443286EA}.Release|Any CPU.ActiveCfg = Release|Any CPU
		{9DF2E944-164E-47DE-A5FE-6314443286EA}.Release|Any CPU.Build.0 = Release|Any CPU
		{E232B65F-9E72-4E75-847D-93E83EBBC100}.Debug|Any CPU.ActiveCfg = Debug|Any CPU
		{E232B65F-9E72-4E75-847D-93E83EBBC100}.Debug|Any CPU.Build.0 = Debug|Any CPU
		{E232B65F-9E72-4E75-847D-93E83EBBC100}.Release|Any CPU.ActiveCfg = Release|Any CPU
		{E232B65F-9E72-4E75-847D-93E83EBBC100}.Release|Any CPU.Build.0 = Release|Any CPU
		{86CD2C04-5154-4E52-9E56-08FECE5B0328}.Debug|Any CPU.ActiveCfg = Debug|Any CPU
		{86CD2C04-5154-4E52-9E56-08FECE5B0328}.Debug|Any CPU.Build.0 = Debug|Any CPU
		{86CD2C04-5154-4E52-9E56-08FECE5B0328}.Release|Any CPU.ActiveCfg = Release|Any CPU
		{86CD2C04-5154-4E52-9E56-08FECE5B0328}.Release|Any CPU.Build.0 = Release|Any CPU
		{C08C9E39-2A34-413D-9C04-4D3857D13725}.Debug|Any CPU.ActiveCfg = Debug|Any CPU
		{C08C9E39-2A34-413D-9C04-4D3857D13725}.Debug|Any CPU.Build.0 = Debug|Any CPU
		{C08C9E39-2A34-413D-9C04-4D3857D13725}.Release|Any CPU.ActiveCfg = Release|Any CPU
		{C08C9E39-2A34-413D-9C04-4D3857D13725}.Release|Any CPU.Build.0 = Release|Any CPU
		{6B1EC5A0-CBB8-49EA-B120-9CB101256CA5}.Debug|Any CPU.ActiveCfg = Debug|Any CPU
		{6B1EC5A0-CBB8-49EA-B120-9CB101256CA5}.Debug|Any CPU.Build.0 = Debug|Any CPU
		{6B1EC5A0-CBB8-49EA-B120-9CB101256CA5}.Release|Any CPU.ActiveCfg = Release|Any CPU
		{6B1EC5A0-CBB8-49EA-B120-9CB101256CA5}.Release|Any CPU.Build.0 = Release|Any CPU
		{5D7FE6CB-BEBB-4CE5-88D5-61CA458C7C22}.Debug|Any CPU.ActiveCfg = Debug|Any CPU
		{5D7FE6CB-BEBB-4CE5-88D5-61CA458C7C22}.Debug|Any CPU.Build.0 = Debug|Any CPU
		{5D7FE6CB-BEBB-4CE5-88D5-61CA458C7C22}.Release|Any CPU.ActiveCfg = Release|Any CPU
		{5D7FE6CB-BEBB-4CE5-88D5-61CA458C7C22}.Release|Any CPU.Build.0 = Release|Any CPU
		{8C69F74D-DC8B-4604-9FDA-DDC9C3FDF84A}.Debug|Any CPU.ActiveCfg = Debug|Any CPU
		{8C69F74D-DC8B-4604-9FDA-DDC9C3FDF84A}.Debug|Any CPU.Build.0 = Debug|Any CPU
		{8C69F74D-DC8B-4604-9FDA-DDC9C3FDF84A}.Release|Any CPU.ActiveCfg = Release|Any CPU
		{8C69F74D-DC8B-4604-9FDA-DDC9C3FDF84A}.Release|Any CPU.Build.0 = Release|Any CPU
		{ADE4B0BB-9F16-4790-8818-39587C83E201}.Debug|Any CPU.ActiveCfg = Debug|Any CPU
		{ADE4B0BB-9F16-4790-8818-39587C83E201}.Debug|Any CPU.Build.0 = Debug|Any CPU
		{ADE4B0BB-9F16-4790-8818-39587C83E201}.Release|Any CPU.ActiveCfg = Release|Any CPU
		{ADE4B0BB-9F16-4790-8818-39587C83E201}.Release|Any CPU.Build.0 = Release|Any CPU
	EndGlobalSection
	GlobalSection(SolutionProperties) = preSolution
		HideSolutionNode = FALSE
	EndGlobalSection
	GlobalSection(NestedProjects) = preSolution
		{7A2E43CE-7AE6-4342-975F-72A8EB0D7BA4} = {6E20A666-DE04-4419-8170-13B79092F1AF}
		{640208FD-AEBD-45CC-B5E1-E0B276084020} = {6E20A666-DE04-4419-8170-13B79092F1AF}
		{C47BF6A0-D65A-4FCA-9CD7-3F998C20BA00} = {45963E66-FCCF-40B1-86A2-0EFE115B68BA}
		{89822146-649B-418B-B092-4F7DFF77BA57} = {45963E66-FCCF-40B1-86A2-0EFE115B68BA}
		{9DF2E944-164E-47DE-A5FE-6314443286EA} = {45963E66-FCCF-40B1-86A2-0EFE115B68BA}
		{E232B65F-9E72-4E75-847D-93E83EBBC100} = {6E20A666-DE04-4419-8170-13B79092F1AF}
		{86CD2C04-5154-4E52-9E56-08FECE5B0328} = {6E20A666-DE04-4419-8170-13B79092F1AF}
		{C08C9E39-2A34-413D-9C04-4D3857D13725} = {45963E66-FCCF-40B1-86A2-0EFE115B68BA}
		{6B1EC5A0-CBB8-49EA-B120-9CB101256CA5} = {45963E66-FCCF-40B1-86A2-0EFE115B68BA}
		{5D7FE6CB-BEBB-4CE5-88D5-61CA458C7C22} = {B4F979F5-F7BA-4B83-AEBA-417A8DFC1C17}
		{8C69F74D-DC8B-4604-9FDA-DDC9C3FDF84A} = {6E20A666-DE04-4419-8170-13B79092F1AF}
		{ADE4B0BB-9F16-4790-8818-39587C83E201} = {B4F979F5-F7BA-4B83-AEBA-417A8DFC1C17}
	EndGlobalSection
	GlobalSection(ExtensibilityGlobals) = postSolution
		SolutionGuid = {11CFDC9D-82C2-4BDF-90FF-A018D150BF33}
	EndGlobalSection
EndGlobal
